# THIS IS AN AUTOGENERATED FILE. DO NOT EDIT THIS FILE DIRECTLY.
# yarn lockfile v1


"@babel/helper-plugin-utils@^7.0.0":
  version "7.10.4"
  resolved "https://registry.yarnpkg.com/@babel/helper-plugin-utils/-/helper-plugin-utils-7.10.4.tgz#2f75a831269d4f677de49986dff59927533cf375"
  integrity sha512-O4KCvQA6lLiMU9l2eawBPMf1xPP8xPfB3iEQw150hOVTqj/rfXz0ThTb4HEzqQfs2Bmo5Ay8BzxfzVtBrr9dVg==

babel-plugin-transform-typescript-metadata@^0.3.1:
  version "0.3.1"
  resolved "https://registry.yarnpkg.com/babel-plugin-transform-typescript-metadata/-/babel-plugin-transform-typescript-metadata-0.3.1.tgz#d86599b7139131ba5e917f5f568d0c824a5cdfc3"
  integrity sha512-thOuACZReULfLy7vh2o3/joYkkRerMKLBDmXy3ImCnkNUnxBmNw0uVa05JhhX0slluaEkio6OIFa7zPgaJdk6g==
  dependencies:
    "@babel/helper-plugin-utils" "^7.0.0"
